
Microsoft Visual Studio Solution File, Format Version 12.00
# Visual Studio Version 16
VisualStudioVersion = 16.0.29025.244
MinimumVisualStudioVersion = 10.0.40219.1
Project("{FAE04EC0-301F-11D3-BF4B-00C04F79EFBC}") = "PrintColorScheme", "PrintColorScheme\PrintColorScheme.csproj", "{C8498E56-D6CD-4CD4-99A3-84D6394D663F}"
EndProject
Global
	GlobalSection(SolutionConfigurationPlatforms) = preSolution
		Debug|Any CPU = Debug|Any CPU
		Release|Any CPU = Release|Any CPU
	EndGlobalSection
	GlobalSection(ProjectConfigurationPlatforms) = postSolution
		{C8498E56-D6CD-4CD4-99A3-84D6394D663F}.Debug|Any CPU.ActiveCfg = Debug|Any CPU
		{C8498E56-D6CD-4CD4-99A3-84D6394D663F}.Debug|Any CPU.Build.0 = Debug|Any CPU
		{C8498E56-D6CD-4CD4-99A3-84D6394D663F}.Release|Any CPU.ActiveCfg = Release|Any CPU
		{C8498E56-D6CD-4CD4-99A3-84D6394D663F}.Release|Any CPU.Build.0 = Release|Any CPU
	EndGlobalSection
	GlobalSection(SolutionProperties) = preSolution
		HideSolutionNode = FALSE
	EndGlobalSection
	GlobalSection(ExtensibilityGlobals) = postSolution
		SolutionGuid = {72FAEF8B-6E27-40CA-9D07-7A614063F816}
	EndGlobalSection
EndGlobal
